{
  "requires": true,
  "lockfileVersion": 1,
  "dependencies": {
    "br-mask": {
      "version": "0.0.10",
      "resolved": "https://registry.npmjs.org/br-mask/-/br-mask-0.0.10.tgz",
      "integrity": "sha512-g2MT6RLTPhRx6h3rzSC4EIxLe5qoCIP01dCCRouBrzYQMvEr6sWiHd7FvTHT0zL0jUuxpakzFZJPdyDciXLVVQ=="
    }
  }
}
